// !$*UTF8*$!
{
	archiveVersion = 1;
	classes = {
	};
	objectVersion = 46;
	objects = {

/* Begin PBXBuildFile section */
		55B5D24E199AEB19002A9750 /* Foundation.framework in Frameworks */ = {isa = PBXBuildFile; fileRef = 55B5D24D199AEB19002A9750 /* Foundation.framework */; };
		55B5D250199AEB19002A9750 /* CoreGraphics.framework in Frameworks */ = {isa = PBXBuildFile; fileRef = 55B5D24F199AEB19002A9750 /* CoreGraphics.framework */; };
		55B5D252199AEB19002A9750 /* UIKit.framework in Frameworks */ = {isa = PBXBuildFile; fileRef = 55B5D251199AEB19002A9750 /* UIKit.framework */; };
		55B5D258199AEB19002A9750 /* InfoPlist.strings in Resources */ = {isa = PBXBuildFile; fileRef = 55B5D256199AEB19002A9750 /* InfoPlist.strings */; };
		55B5D25A199AEB19002A9750 /* main.m in Sources */ = {isa = PBXBuildFile; fileRef = 55B5D259199AEB19002A9750 /* main.m */; };
		55B5D25E199AEB19002A9750 /* proAppDelegate.m in Sources */ = {isa = PBXBuildFile; fileRef = 55B5D25D199AEB19002A9750 /* proAppDelegate.m */; };
		55B5D260199AEB19002A9750 /* Images.xcassets in Resources */ = {isa = PBXBuildFile; fileRef = 55B5D25F199AEB19002A9750 /* Images.xcassets */; };
		55B5D267199AEB19002A9750 /* XCTest.framework in Frameworks */ = {isa = PBXBuildFile; fileRef = 55B5D266199AEB19002A9750 /* XCTest.framework */; };
		55B5D268199AEB19002A9750 /* Foundation.framework in Frameworks */ = {isa = PBXBuildFile; fileRef = 55B5D24D199AEB19002A9750 /* Foundation.framework */; };
		55B5D269199AEB19002A9750 /* UIKit.framework in Frameworks */ = {isa = PBXBuildFile; fileRef = 55B5D251199AEB19002A9750 /* UIKit.framework */; };
		55B5D271199AEB19002A9750 /* InfoPlist.strings in Resources */ = {isa = PBXBuildFile; fileRef = 55B5D26F199AEB19002A9750 /* InfoPlist.strings */; };
		55B5D273199AEB1A002A9750 /* PEMTests.m in Sources */ = {isa = PBXBuildFile; fileRef = 55B5D272199AEB19002A9750 /* PEMTests.m */; };
/* End PBXBuildFile section */

/* Begin PBXContainerItemProxy section */
		55B5D26A199AEB19002A9750 /* PBXContainerItemProxy */ = {
			isa = PBXContainerItemProxy;
			containerPortal = 55B5D242199AEB19002A9750 /* Project object */;
			proxyType = 1;
			remoteGlobalIDString = 55B5D249199AEB19002A9750;
			remoteInfo = PEM;
		};
/* End PBXContainerItemProxy section */

/* Begin PBXFileReference section */
		55B5D24A199AEB19002A9750 /* PEM.app */ = {isa = PBXFileReference; explicitFileType = wrapper.application; includeInIndex = 0; path = PEM.app; sourceTree = BUILT_PRODUCTS_DIR; };
		55B5D24D199AEB19002A9750 /* Foundation.framework */ = {isa = PBXFileReference; lastKnownFileType = wrapper.framework; name = Foundation.framework; path = System/Library/Frameworks/Foundation.framework; sourceTree = SDKROOT; };
		55B5D24F199AEB19002A9750 /* CoreGraphics.framework */ = {isa = PBXFileReference; lastKnownFileType = wrapper.framework; name = CoreGraphics.framework; path = System/Library/Frameworks/CoreGraphics.framework; sourceTree = SDKROOT; };
		55B5D251199AEB19002A9750 /* UIKit.framework */ = {isa = PBXFileReference; lastKnownFileType = wrapper.framework; name = UIKit.framework; path = System/Library/Frameworks/UIKit.framework; sourceTree = SDKROOT; };
		55B5D255199AEB19002A9750 /* PEM-Info.plist */ = {isa = PBXFileReference; lastKnownFileType = text.plist.xml; path = "PEM-Info.plist"; sourceTree = "<group>"; };
		55B5D257199AEB19002A9750 /* en */ = {isa = PBXFileReference; lastKnownFileType = text.plist.strings; name = en; path = en.lproj/InfoPlist.strings; sourceTree = "<group>"; };
		55B5D259199AEB19002A9750 /* main.m */ = {isa = PBXFileReference; lastKnownFileType = sourcecode.c.objc; path = main.m; sourceTree = "<group>"; };
		55B5D25B199AEB19002A9750 /* PEM-Prefix.pch */ = {isa = PBXFileReference; lastKnownFileType = sourcecode.c.h; path = "PEM-Prefix.pch"; sourceTree = "<group>"; };
		55B5D25C199AEB19002A9750 /* proAppDelegate.h */ = {isa = PBXFileReference; lastKnownFileType = sourcecode.c.h; path = proAppDelegate.h; sourceTree = "<group>"; };
		55B5D25D199AEB19002A9750 /* proAppDelegate.m */ = {isa = PBXFileReference; lastKnownFileType = sourcecode.c.objc; path = proAppDelegate.m; sourceTree = "<group>"; };
		55B5D25F199AEB19002A9750 /* Images.xcassets */ = {isa = PBXFileReference; lastKnownFileType = folder.assetcatalog; path = Images.xcassets; sourceTree = "<group>"; };
		55B5D265199AEB19002A9750 /* PEMTests.xctest */ = {isa = PBXFileReference; explicitFileType = wrapper.cfbundle; includeInIndex = 0; path = PEMTests.xctest; sourceTree = BUILT_PRODUCTS_DIR; };
		55B5D266199AEB19002A9750 /* XCTest.framework */ = {isa = PBXFileReference; lastKnownFileType = wrapper.framework; name = XCTest.framework; path = Library/Frameworks/XCTest.framework; sourceTree = DEVELOPER_DIR; };
		55B5D26E199AEB19002A9750 /* PEMTests-Info.plist */ = {isa = PBXFileReference; lastKnownFileType = text.plist.xml; path = "PEMTests-Info.plist"; sourceTree = "<group>"; };
		55B5D270199AEB19002A9750 /* en */ = {isa = PBXFileReference; lastKnownFileType = text.plist.strings; name = en; path = en.lproj/InfoPlist.strings; sourceTree = "<group>"; };
		55B5D272199AEB19002A9750 /* PEMTests.m */ = {isa = PBXFileReference; lastKnownFileType = sourcecode.c.objc; path = PEMTests.m; sourceTree = "<group>"; };
/* End PBXFileReference section */

/* Begin PBXFrameworksBuildPhase section */
		55B5D247199AEB19002A9750 /* Frameworks */ = {
			isa = PBXFrameworksBuildPhase;
			buildActionMask = 2147483647;
			files = (
				55B5D250199AEB19002A9750 /* CoreGraphics.framework in Frameworks */,
				55B5D252199AEB19002A9750 /* UIKit.framework in Frameworks */,
				55B5D24E199AEB19002A9750 /* Foundation.framework in Frameworks */,
			);
			runOnlyForDeploymentPostprocessing = 0;
		};
		55B5D262199AEB19002A9750 /* Frameworks */ = {
			isa = PBXFrameworksBuildPhase;
			buildActionMask = 2147483647;
			files = (
				55B5D267199AEB19002A9750 /* XCTest.framework in Frameworks */,
				55B5D269199AEB19002A9750 /* UIKit.framework in Frameworks */,
				55B5D268199AEB19002A9750 /* Foundation.framework in Frameworks */,
			);
			runOnlyForDeploymentPostprocessing = 0;
		};
/* End PBXFrameworksBuildPhase section */

/* Begin PBXGroup section */
		55B5D241199AEB19002A9750 = {
			isa = PBXGroup;
			children = (
				55B5D253199AEB19002A9750 /* PEM */,
				55B5D26C199AEB19002A9750 /* PEMTests */,
				55B5D24C199AEB19002A9750 /* Frameworks */,
				55B5D24B199AEB19002A9750 /* Products */,
			);
			sourceTree = "<group>";
		};
		55B5D24B199AEB19002A9750 /* Products */ = {
			isa = PBXGroup;
			children = (
				55B5D24A199AEB19002A9750 /* PEM.app */,
				55B5D265199AEB19002A9750 /* PEMTests.xctest */,
			);
			name = Products;
			sourceTree = "<group>";
		};
		55B5D24C199AEB19002A9750 /* Frameworks */ = {
			isa = PBXGroup;
			children = (
				55B5D24D199AEB19002A9750 /* Foundation.framework */,
				55B5D24F199AEB19002A9750 /* CoreGraphics.framework */,
				55B5D251199AEB19002A9750 /* UIKit.framework */,
				55B5D266199AEB19002A9750 /* XCTest.framework */,
			);
			name = Frameworks;
			sourceTree = "<group>";
		};
		55B5D253199AEB19002A9750 /* PEM */ = {
			isa = PBXGroup;
			children = (
				55B5D25C199AEB19002A9750 /* proAppDelegate.h */,
				55B5D25D199AEB19002A9750 /* proAppDelegate.m */,
				55B5D25F199AEB19002A9750 /* Images.xcassets */,
				55B5D254199AEB19002A9750 /* Supporting Files */,
			);
			path = PEM;
			sourceTree = "<group>";
		};
		55B5D254199AEB19002A9750 /* Supporting Files */ = {
			isa = PBXGroup;
			children = (
				55B5D255199AEB19002A9750 /* PEM-Info.plist */,
				55B5D256199AEB19002A9750 /* InfoPlist.strings */,
				55B5D259199AEB19002A9750 /* main.m */,
				55B5D25B199AEB19002A9750 /* PEM-Prefix.pch */,
			);
			name = "Supporting Files";
			sourceTree = "<group>";
		};
		55B5D26C199AEB19002A9750 /* PEMTests */ = {
			isa = PBXGroup;
			children = (
				55B5D272199AEB19002A9750 /* PEMTests.m */,
				55B5D26D199AEB19002A9750 /* Supporting Files */,
			);
			path = PEMTests;
			sourceTree = "<group>";
		};
		55B5D26D199AEB19002A9750 /* Supporting Files */ = {
			isa = PBXGroup;
			children = (
				55B5D26E199AEB19002A9750 /* PEMTests-Info.plist */,
				55B5D26F199AEB19002A9750 /* InfoPlist.strings */,
			);
			name = "Supporting Files";
			sourceTree = "<group>";
		};
/* End PBXGroup section */

/* Begin PBXNativeTarget section */
		55B5D249199AEB19002A9750 /* PEM */ = {
			isa = PBXNativeTarget;
			buildConfigurationList = 55B5D276199AEB1A002A9750 /* Build configuration list for PBXNativeTarget "PEM" */;
			buildPhases = (
				55B5D246199AEB19002A9750 /* Sources */,
				55B5D247199AEB19002A9750 /* Frameworks */,
				55B5D248199AEB19002A9750 /* Resources */,
			);
			buildRules = (
			);
			dependencies = (
			);
			name = PEM;
			productName = PEM;
			productReference = 55B5D24A199AEB19002A9750 /* PEM.app */;
			productType = "com.apple.product-type.application";
		};
		55B5D264199AEB19002A9750 /* PEMTests */ = {
			isa = PBXNativeTarget;
			buildConfigurationList = 55B5D279199AEB1A002A9750 /* Build configuration list for PBXNativeTarget "PEMTests" */;
			buildPhases = (
				55B5D261199AEB19002A9750 /* Sources */,
				55B5D262199AEB19002A9750 /* Frameworks */,
				55B5D263199AEB19002A9750 /* Resources */,
			);
			buildRules = (
			);
			dependencies = (
				55B5D26B199AEB19002A9750 /* PBXTargetDependency */,
			);
			name = PEMTests;
			productName = PEMTests;
			productReference = 55B5D265199AEB19002A9750 /* PEMTests.xctest */;
			productType = "com.apple.product-type.bundle.unit-test";
		};
/* End PBXNativeTarget section */

/* Begin PBXProject section */
		55B5D242199AEB19002A9750 /* Project object */ = {
			isa = PBXProject;
			attributes = {
				CLASSPREFIX = pro;
				LastUpgradeCheck = 0510;
				ORGANIZATIONNAME = "___普尔摩___";
				TargetAttributes = {
					55B5D264199AEB19002A9750 = {
						TestTargetID = 55B5D249199AEB19002A9750;
					};
				};
			};
			buildConfigurationList = 55B5D245199AEB19002A9750 /* Build configuration list for PBXProject "PEM" */;
			compatibilityVersion = "Xcode 3.2";
			developmentRegion = English;
			hasScannedForEncodings = 0;
			knownRegions = (
				en,
			);
			mainGroup = 55B5D241199AEB19002A9750;
			productRefGroup = 55B5D24B199AEB19002A9750 /* Products */;
			projectDirPath = "";
			projectRoot = "";
			targets = (
				55B5D249199AEB19002A9750 /* PEM */,
				55B5D264199AEB19002A9750 /* PEMTests */,
			);
		};
/* End PBXProject section */

/* Begin PBXResourcesBuildPhase section */
		55B5D248199AEB19002A9750 /* Resources */ = {
			isa = PBXResourcesBuildPhase;
			buildActionMask = 2147483647;
			files = (
				55B5D258199AEB19002A9750 /* InfoPlist.strings in Resources */,
				55B5D260199AEB19002A9750 /* Images.xcassets in Resources */,
			);
			runOnlyForDeploymentPostprocessing = 0;
		};
		55B5D263199AEB19002A9750 /* Resources */ = {
			isa = PBXResourcesBuildPhase;
			buildActionMask = 2147483647;
			files = (
				55B5D271199AEB19002A9750 /* InfoPlist.strings in Resources */,
			);
			runOnlyForDeploymentPostprocessing = 0;
		};
/* End PBXResourcesBuildPhase section */

/* Begin PBXSourcesBuildPhase section */
		55B5D246199AEB19002A9750 /* Sources */ = {
			isa = PBXSourcesBuildPhase;
			buildActionMask = 2147483647;
			files = (
				55B5D25E199AEB19002A9750 /* proAppDelegate.m in Sources */,
				55B5D25A199AEB19002A9750 /* main.m in Sources */,
			);
			runOnlyForDeploymentPostprocessing = 0;
		};
		55B5D261199AEB19002A9750 /* Sources */ = {
			isa = PBXSourcesBuildPhase;
			buildActionMask = 2147483647;
			files = (
				55B5D273199AEB1A002A9750 /* PEMTests.m in Sources */,
			);
			runOnlyForDeploymentPostprocessing = 0;
		};
/* End PBXSourcesBuildPhase section */

/* Begin PBXTargetDependency section */
		55B5D26B199AEB19002A9750 /* PBXTargetDependency */ = {
			isa = PBXTargetDependency;
			target = 55B5D249199AEB19002A9750 /* PEM */;
			targetProxy = 55B5D26A199AEB19002A9750 /* PBXContainerItemProxy */;
		};
/* End PBXTargetDependency section */

/* Begin PBXVariantGroup section */
		55B5D256199AEB19002A9750 /* InfoPlist.strings */ = {
			isa = PBXVariantGroup;
			children = (
				55B5D257199AEB19002A9750 /* en */,
			);
			name = InfoPlist.strings;
			sourceTree = "<group>";
		};
		55B5D26F199AEB19002A9750 /* InfoPlist.strings */ = {
			isa = PBXVariantGroup;
			children = (
				55B5D270199AEB19002A9750 /* en */,
			);
			name = InfoPlist.strings;
			sourceTree = "<group>";
		};
/* End PBXVariantGroup section */

/* Begin XCBuildConfiguration section */
		55B5D274199AEB1A002A9750 /* Debug */ = {
			isa = XCBuildConfiguration;
			buildSettings = {
				ALWAYS_SEARCH_USER_PATHS = NO;
				CLANG_CXX_LANGUAGE_STANDARD = "gnu++0x";
				CLANG_CXX_LIBRARY = "libc++";
				CLANG_ENABLE_MODULES = YES;
				CLANG_ENABLE_OBJC_ARC = YES;
				CLANG_WARN_BOOL_CONVERSION = YES;
				CLANG_WARN_CONSTANT_CONVERSION = YES;
				CLANG_WARN_DIRECT_OBJC_ISA_USAGE = YES_ERROR;
				CLANG_WARN_EMPTY_BODY = YES;
				CLANG_WARN_ENUM_CONVERSION = YES;
				CLANG_WARN_INT_CONVERSION = YES;
				CLANG_WARN_OBJC_ROOT_CLASS = YES_ERROR;
				CLANG_WARN__DUPLICATE_METHOD_MATCH = YES;
				"CODE_SIGN_IDENTITY[sdk=iphoneos*]" = "iPhone Developer";
				COPY_PHASE_STRIP = NO;
				GCC_C_LANGUAGE_STANDARD = gnu99;
				GCC_DYNAMIC_NO_PIC = NO;
				GCC_OPTIMIZATION_LEVEL = 0;
				GCC_PREPROCESSOR_DEFINITIONS = (
					"DEBUG=1",
					"$(inherited)",
				);
				GCC_SYMBOLS_PRIVATE_EXTERN = NO;
				GCC_WARN_64_TO_32_BIT_CONVERSION = YES;
				GCC_WARN_ABOUT_RETURN_TYPE = YES_ERROR;
				GCC_WARN_UNDECLARED_SELECTOR = YES;
				GCC_WARN_UNINITIALIZED_AUTOS = YES_AGGRESSIVE;
				GCC_WARN_UNUSED_FUNCTION = YES;
				GCC_WARN_UNUSED_VARIABLE = YES;
				IPHONEOS_DEPLOYMENT_TARGET = 7.1;
				ONLY_ACTIVE_ARCH = YES;
				SDKROOT = iphoneos;
			};
			name = Debug;
		};
		55B5D275199AEB1A002A9750 /* Release */ = {
			isa = XCBuildConfiguration;
			buildSettings = {
				ALWAYS_SEARCH_USER_PATHS = NO;
				CLANG_CXX_LANGUAGE_STANDARD = "gnu++0x";
				CLANG_CXX_LIBRARY = "libc++";
				CLANG_ENABLE_MODULES = YES;
				CLANG_ENABLE_OBJC_ARC = YES;
				CLANG_WARN_BOOL_CONVERSION = YES;
				CLANG_WARN_CONSTANT_CONVERSION = YES;
				CLANG_WARN_DIRECT_OBJC_ISA_USAGE = YES_ERROR;
				CLANG_WARN_EMPTY_BODY = YES;
				CLANG_WARN_ENUM_CONVERSION = YES;
				CLANG_WARN_INT_CONVERSION = YES;
				CLANG_WARN_OBJC_ROOT_CLASS = YES_ERROR;
				CLANG_WARN__DUPLICATE_METHOD_MATCH = YES;
				"CODE_SIGN_IDENTITY[sdk=iphoneos*]" = "iPhone Developer";
				COPY_PHASE_STRIP = YES;
				ENABLE_NS_ASSERTIONS = NO;
				GCC_C_LANGUAGE_STANDARD = gnu99;
				GCC_WARN_64_TO_32_BIT_CONVERSION = YES;
				GCC_WARN_ABOUT_RETURN_TYPE = YES_ERROR;
				GCC_WARN_UNDECLARED_SELECTOR = YES;
				GCC_WARN_UNINITIALIZED_AUTOS = YES_AGGRESSIVE;
				GCC_WARN_UNUSED_FUNCTION = YES;
				GCC_WARN_UNUSED_VARIABLE = YES;
				IPHONEOS_DEPLOYMENT_TARGET = 7.1;
				SDKROOT = iphoneos;
				VALIDATE_PRODUCT = YES;
			};
			name = Release;
		};
		55B5D277199AEB1A002A9750 /* Debug */ = {
			isa = XCBuildConfiguration;
			buildSettings = {
				ASSETCATALOG_COMPILER_APPICON_NAME = AppIcon;
				ASSETCATALOG_COMPILER_LAUNCHIMAGE_NAME = LaunchImage;
				GCC_PRECOMPILE_PREFIX_HEADER = YES;
				GCC_PREFIX_HEADER = "PEM/PEM-Prefix.pch";
				INFOPLIST_FILE = "PEM/PEM-Info.plist";
				PRODUCT_NAME = "$(TARGET_NAME)";
				WRAPPER_EXTENSION = app;
			};
			name = Debug;
		};
		55B5D278199AEB1A002A9750 /* Release */ = {
			isa = XCBuildConfiguration;
			buildSettings = {
				ASSETCATALOG_COMPILER_APPICON_NAME = AppIcon;
				ASSETCATALOG_COMPILER_LAUNCHIMAGE_NAME = LaunchImage;
				GCC_PRECOMPILE_PREFIX_HEADER = YES;
				GCC_PREFIX_HEADER = "PEM/PEM-Prefix.pch";
				INFOPLIST_FILE = "PEM/PEM-Info.plist";
				PRODUCT_NAME = "$(TARGET_NAME)";
				WRAPPER_EXTENSION = app;
			};
			name = Release;
		};
		55B5D27A199AEB1A002A9750 /* Debug */ = {
			isa = XCBuildConfiguration;
			buildSettings = {
				BUNDLE_LOADER = "$(BUILT_PRODUCTS_DIR)/PEM.app/PEM";
				FRAMEWORK_SEARCH_PATHS = (
					"$(SDKROOT)/Developer/Library/Frameworks",
					"$(inherited)",
					"$(DEVELOPER_FRAMEWORKS_DIR)",
				);
				GCC_PRECOMPILE_PREFIX_HEADER = YES;
				GCC_PREFIX_HEADER = "PEM/PEM-Prefix.pch";
				GCC_PREPROCESSOR_DEFINITIONS = (
					"DEBUG=1",
					"$(inherited)",
				);
				INFOPLIST_FILE = "PEMTests/PEMTests-Info.plist";
				PRODUCT_NAME = "$(TARGET_NAME)";
				TEST_HOST = "$(BUNDLE_LOADER)";
				WRAPPER_EXTENSION = xctest;
			};
			name = Debug;
		};
		55B5D27B199AEB1A002A9750 /* Release */ = {
			isa = XCBuildConfiguration;
			buildSettings = {
				BUNDLE_LOADER = "$(BUILT_PRODUCTS_DIR)/PEM.app/PEM";
				FRAMEWORK_SEARCH_PATHS = (
					"$(SDKROOT)/Developer/Library/Frameworks",
					"$(inherited)",
					"$(DEVELOPER_FRAMEWORKS_DIR)",
				);
				GCC_PRECOMPILE_PREFIX_HEADER = YES;
				GCC_PREFIX_HEADER = "PEM/PEM-Prefix.pch";
				INFOPLIST_FILE = "PEMTests/PEMTests-Info.plist";
				PRODUCT_NAME = "$(TARGET_NAME)";
				TEST_HOST = "$(BUNDLE_LOADER)";
				WRAPPER_EXTENSION = xctest;
			};
			name = Release;
		};
/* End XCBuildConfiguration section */

/* Begin XCConfigurationList section */
		55B5D245199AEB19002A9750 /* Build configuration list for PBXProject "PEM" */ = {
			isa = XCConfigurationList;
			buildConfigurations = (
				55B5D274199AEB1A002A9750 /* Debug */,
				55B5D275199AEB1A002A9750 /* Release */,
			);
			defaultConfigurationIsVisible = 0;
			defaultConfigurationName = Release;
		};
		55B5D276199AEB1A002A9750 /* Build configuration list for PBXNativeTarget "PEM" */ = {
			isa = XCConfigurationList;
			buildConfigurations = (
				55B5D277199AEB1A002A9750 /* Debug */,
				55B5D278199AEB1A002A9750 /* Release */,
			);
			defaultConfigurationIsVisible = 0;
		};
		55B5D279199AEB1A002A9750 /* Build configuration list for PBXNativeTarget "PEMTests" */ = {
			isa = XCConfigurationList;
			buildConfigurations = (
				55B5D27A199AEB1A002A9750 /* Debug */,
				55B5D27B199AEB1A002A9750 /* Release */,
			);
			defaultConfigurationIsVisible = 0;
		};
/* End XCConfigurationList section */
	};
	rootObject = 55B5D242199AEB19002A9750 /* Project object */;
}
